// !$*UTF8*$!
{
	archiveVersion = 1;
	classes = {
	};
	objectVersion = 56;
	objects = {

/* Begin PBXBuildFile section */
		242B2F16299C7A4800A3B7D1 /* SearchSelectionViewController.swift in Sources */ = {isa = PBXBuildFile; fileRef = 242B2F15299C7A4800A3B7D1 /* SearchSelectionViewController.swift */; };
		242B2F1B299C7AFA00A3B7D1 /* SearchSelectionTableViewCell.swift in Sources */ = {isa = PBXBuildFile; fileRef = 242B2F19299C7AFA00A3B7D1 /* SearchSelectionTableViewCell.swift */; };
		242B2F1C299C7AFA00A3B7D1 /* SearchSelectionTableViewCell.xib in Resources */ = {isa = PBXBuildFile; fileRef = 242B2F1A299C7AFA00A3B7D1 /* SearchSelectionTableViewCell.xib */; };
		2478E9D22979F765006EDBCC /* AppDelegate.swift in Sources */ = {isa = PBXBuildFile; fileRef = 2478E9D12979F765006EDBCC /* AppDelegate.swift */; };
		2478E9D42979F765006EDBCC /* SceneDelegate.swift in Sources */ = {isa = PBXBuildFile; fileRef = 2478E9D32979F765006EDBCC /* SceneDelegate.swift */; };
		2478E9D62979F765006EDBCC /* FoldersViewController.swift in Sources */ = {isa = PBXBuildFile; fileRef = 2478E9D52979F765006EDBCC /* FoldersViewController.swift */; };
		2478E9D92979F765006EDBCC /* Main.storyboard in Resources */ = {isa = PBXBuildFile; fileRef = 2478E9D72979F765006EDBCC /* Main.storyboard */; };
		2478E9DB2979F767006EDBCC /* Assets.xcassets in Resources */ = {isa = PBXBuildFile; fileRef = 2478E9DA2979F767006EDBCC /* Assets.xcassets */; };
		2478E9DE2979F767006EDBCC /* LaunchScreen.storyboard in Resources */ = {isa = PBXBuildFile; fileRef = 2478E9DC2979F767006EDBCC /* LaunchScreen.storyboard */; };
		2478E9E92979F768006EDBCC /* MyNotesTests.swift in Sources */ = {isa = PBXBuildFile; fileRef = 2478E9E82979F768006EDBCC /* MyNotesTests.swift */; };
		2478E9F32979F768006EDBCC /* MyNotesUITests.swift in Sources */ = {isa = PBXBuildFile; fileRef = 2478E9F22979F768006EDBCC /* MyNotesUITests.swift */; };
		2478E9F52979F768006EDBCC /* MyNotesUITestsLaunchTests.swift in Sources */ = {isa = PBXBuildFile; fileRef = 2478E9F42979F768006EDBCC /* MyNotesUITestsLaunchTests.swift */; };
		2478EA022979F81D006EDBCC /* FoldersTableViewCell.swift in Sources */ = {isa = PBXBuildFile; fileRef = 2478EA012979F81D006EDBCC /* FoldersTableViewCell.swift */; };
		2478EA042979F82B006EDBCC /* NotesTableViewCell.swift in Sources */ = {isa = PBXBuildFile; fileRef = 2478EA032979F82B006EDBCC /* NotesTableViewCell.swift */; };
		2478EA082979F869006EDBCC /* NotesListViewController.swift in Sources */ = {isa = PBXBuildFile; fileRef = 2478EA072979F869006EDBCC /* NotesListViewController.swift */; };
		2478EA0A2979F877006EDBCC /* NotesDetailViewController.swift in Sources */ = {isa = PBXBuildFile; fileRef = 2478EA092979F877006EDBCC /* NotesDetailViewController.swift */; };
		2478EA0E2979F8F8006EDBCC /* Model.xcdatamodeld in Sources */ = {isa = PBXBuildFile; fileRef = 2478EA0C2979F8F8006EDBCC /* Model.xcdatamodeld */; };
		2478EA14297A0834006EDBCC /* CoreDataController.swift in Sources */ = {isa = PBXBuildFile; fileRef = 2478EA13297A0834006EDBCC /* CoreDataController.swift */; };
		2478EA16297B275E006EDBCC /* TableViewExtension.swift in Sources */ = {isa = PBXBuildFile; fileRef = 2478EA15297B275D006EDBCC /* TableViewExtension.swift */; };
		247D6681299F00A40062849D /* FoldersViewControllerViewModel.swift in Sources */ = {isa = PBXBuildFile; fileRef = 247D6680299F00A40062849D /* FoldersViewControllerViewModel.swift */; };
		247D6684299F3F380062849D /* NotesListViewControllerViewModel.swift in Sources */ = {isa = PBXBuildFile; fileRef = 247D6683299F3F380062849D /* NotesListViewControllerViewModel.swift */; };
/* End PBXBuildFile section */

/* Begin PBXContainerItemProxy section */
		2478E9E52979F768006EDBCC /* PBXContainerItemProxy */ = {
			isa = PBXContainerItemProxy;
			containerPortal = 2478E9C62979F765006EDBCC /* Project object */;
			proxyType = 1;
			remoteGlobalIDString = 2478E9CD2979F765006EDBCC;
			remoteInfo = MyNotes;
		};
		2478E9EF2979F768006EDBCC /* PBXContainerItemProxy */ = {
			isa = PBXContainerItemProxy;
			containerPortal = 2478E9C62979F765006EDBCC /* Project object */;
			proxyType = 1;
			remoteGlobalIDString = 2478E9CD2979F765006EDBCC;
			remoteInfo = MyNotes;
		};
/* End PBXContainerItemProxy section */

/* Begin PBXFileReference section */
		242B2F15299C7A4800A3B7D1 /* SearchSelectionViewController.swift */ = {isa = PBXFileReference; lastKnownFileType = sourcecode.swift; path = SearchSelectionViewController.swift; sourceTree = "<group>"; };
		242B2F19299C7AFA00A3B7D1 /* SearchSelectionTableViewCell.swift */ = {isa = PBXFileReference; lastKnownFileType = sourcecode.swift; path = SearchSelectionTableViewCell.swift; sourceTree = "<group>"; };
		242B2F1A299C7AFA00A3B7D1 /* SearchSelectionTableViewCell.xib */ = {isa = PBXFileReference; lastKnownFileType = file.xib; path = SearchSelectionTableViewCell.xib; sourceTree = "<group>"; };
		2478E9CE2979F765006EDBCC /* MyNotes.app */ = {isa = PBXFileReference; explicitFileType = wrapper.application; includeInIndex = 0; path = MyNotes.app; sourceTree = BUILT_PRODUCTS_DIR; };
		2478E9D12979F765006EDBCC /* AppDelegate.swift */ = {isa = PBXFileReference; lastKnownFileType = sourcecode.swift; path = AppDelegate.swift; sourceTree = "<group>"; };
		2478E9D32979F765006EDBCC /* SceneDelegate.swift */ = {isa = PBXFileReference; lastKnownFileType = sourcecode.swift; path = SceneDelegate.swift; sourceTree = "<group>"; };
		2478E9D52979F765006EDBCC /* FoldersViewController.swift */ = {isa = PBXFileReference; lastKnownFileType = sourcecode.swift; path = FoldersViewController.swift; sourceTree = "<group>"; };
		2478E9D82979F765006EDBCC /* Base */ = {isa = PBXFileReference; lastKnownFileType = file.storyboard; name = Base; path = Base.lproj/Main.storyboard; sourceTree = "<group>"; };
		2478E9DA2979F767006EDBCC /* Assets.xcassets */ = {isa = PBXFileReference; lastKnownFileType = folder.assetcatalog; path = Assets.xcassets; sourceTree = "<group>"; };
		2478E9DD2979F767006EDBCC /* Base */ = {isa = PBXFileReference; lastKnownFileType = file.storyboard; name = Base; path = Base.lproj/LaunchScreen.storyboard; sourceTree = "<group>"; };
		2478E9DF2979F767006EDBCC /* Info.plist */ = {isa = PBXFileReference; lastKnownFileType = text.plist.xml; path = Info.plist; sourceTree = "<group>"; };
		2478E9E42979F768006EDBCC /* MyNotesTests.xctest */ = {isa = PBXFileReference; explicitFileType = wrapper.cfbundle; includeInIndex = 0; path = MyNotesTests.xctest; sourceTree = BUILT_PRODUCTS_DIR; };
		2478E9E82979F768006EDBCC /* MyNotesTests.swift */ = {isa = PBXFileReference; lastKnownFileType = sourcecode.swift; path = MyNotesTests.swift; sourceTree = "<group>"; };
		2478E9EE2979F768006EDBCC /* MyNotesUITests.xctest */ = {isa = PBXFileReference; explicitFileType = wrapper.cfbundle; includeInIndex = 0; path = MyNotesUITests.xctest; sourceTree = BUILT_PRODUCTS_DIR; };
		2478E9F22979F768006EDBCC /* MyNotesUITests.swift */ = {isa = PBXFileReference; lastKnownFileType = sourcecode.swift; path = MyNotesUITests.swift; sourceTree = "<group>"; };
		2478E9F42979F768006EDBCC /* MyNotesUITestsLaunchTests.swift */ = {isa = PBXFileReference; lastKnownFileType = sourcecode.swift; path = MyNotesUITestsLaunchTests.swift; sourceTree = "<group>"; };
		2478EA012979F81D006EDBCC /* FoldersTableViewCell.swift */ = {isa = PBXFileReference; lastKnownFileType = sourcecode.swift; path = FoldersTableViewCell.swift; sourceTree = "<group>"; };
		2478EA032979F82B006EDBCC /* NotesTableViewCell.swift */ = {isa = PBXFileReference; lastKnownFileType = sourcecode.swift; path = NotesTableViewCell.swift; sourceTree = "<group>"; };
		2478EA072979F869006EDBCC /* NotesListViewController.swift */ = {isa = PBXFileReference; lastKnownFileType = sourcecode.swift; path = NotesListViewController.swift; sourceTree = "<group>"; };
		2478EA092979F877006EDBCC /* NotesDetailViewController.swift */ = {isa = PBXFileReference; lastKnownFileType = sourcecode.swift; path = NotesDetailViewController.swift; sourceTree = "<group>"; };
		2478EA0D2979F8F8006EDBCC /* Model.xcdatamodel */ = {isa = PBXFileReference; lastKnownFileType = wrapper.xcdatamodel; path = Model.xcdatamodel; sourceTree = "<group>"; };
		2478EA13297A0834006EDBCC /* CoreDataController.swift */ = {isa = PBXFileReference; lastKnownFileType = sourcecode.swift; path = CoreDataController.swift; sourceTree = "<group>"; };
		2478EA15297B275D006EDBCC /* TableViewExtension.swift */ = {isa = PBXFileReference; lastKnownFileType = sourcecode.swift; path = TableViewExtension.swift; sourceTree = "<group>"; };
		247D6680299F00A40062849D /* FoldersViewControllerViewModel.swift */ = {isa = PBXFileReference; lastKnownFileType = sourcecode.swift; path = FoldersViewControllerViewModel.swift; sourceTree = "<group>"; };
		247D6683299F3F380062849D /* NotesListViewControllerViewModel.swift */ = {isa = PBXFileReference; lastKnownFileType = sourcecode.swift; path = NotesListViewControllerViewModel.swift; sourceTree = "<group>"; };
/* End PBXFileReference section */

/* Begin PBXFrameworksBuildPhase section */
		2478E9CB2979F765006EDBCC /* Frameworks */ = {
			isa = PBXFrameworksBuildPhase;
			buildActionMask = 2147483647;
			files = (
			);
			runOnlyForDeploymentPostprocessing = 0;
		};
		2478E9E12979F768006EDBCC /* Frameworks */ = {
			isa = PBXFrameworksBuildPhase;
			buildActionMask = 2147483647;
			files = (
			);
			runOnlyForDeploymentPostprocessing = 0;
		};
		2478E9EB2979F768006EDBCC /* Frameworks */ = {
			isa = PBXFrameworksBuildPhase;
			buildActionMask = 2147483647;
			files = (
			);
			runOnlyForDeploymentPostprocessing = 0;
		};
/* End PBXFrameworksBuildPhase section */

/* Begin PBXGroup section */
		242B2F1D299C7B0600A3B7D1 /* Search */ = {
			isa = PBXGroup;
			children = (
				242B2F15299C7A4800A3B7D1 /* SearchSelectionViewController.swift */,
			);
			path = Search;
			sourceTree = "<group>";
		};
		242B2F1E299C7B2C00A3B7D1 /* Search */ = {
			isa = PBXGroup;
			children = (
				242B2F19299C7AFA00A3B7D1 /* SearchSelectionTableViewCell.swift */,
				242B2F1A299C7AFA00A3B7D1 /* SearchSelectionTableViewCell.xib */,
			);
			path = Search;
			sourceTree = "<group>";
		};
		2478E9C52979F765006EDBCC = {
			isa = PBXGroup;
			children = (
				2478E9D02979F765006EDBCC /* MyNotes */,
				2478E9E72979F768006EDBCC /* MyNotesTests */,
				2478E9F12979F768006EDBCC /* MyNotesUITests */,
				2478E9CF2979F765006EDBCC /* Products */,
			);
			sourceTree = "<group>";
		};
		2478E9CF2979F765006EDBCC /* Products */ = {
			isa = PBXGroup;
			children = (
				2478E9CE2979F765006EDBCC /* MyNotes.app */,
				2478E9E42979F768006EDBCC /* MyNotesTests.xctest */,
				2478E9EE2979F768006EDBCC /* MyNotesUITests.xctest */,
			);
			name = Products;
			sourceTree = "<group>";
		};
		2478E9D02979F765006EDBCC /* MyNotes */ = {
			isa = PBXGroup;
			children = (
				247D66CA29A160E80062849D /* Resources */,
				2478EA17297B2763006EDBCC /* Extension */,
				2478EA0B2979F89C006EDBCC /* Model */,
				2478EA062979F84E006EDBCC /* Controllers */,
				2478EA052979F837006EDBCC /* View */,
				2478E9DA2979F767006EDBCC /* Assets.xcassets */,
				2478E9DF2979F767006EDBCC /* Info.plist */,
			);
			path = MyNotes;
			sourceTree = "<group>";
		};
		2478E9E72979F768006EDBCC /* MyNotesTests */ = {
			isa = PBXGroup;
			children = (
				2478E9E82979F768006EDBCC /* MyNotesTests.swift */,
			);
			path = MyNotesTests;
			sourceTree = "<group>";
		};
		2478E9F12979F768006EDBCC /* MyNotesUITests */ = {
			isa = PBXGroup;
			children = (
				2478E9F22979F768006EDBCC /* MyNotesUITests.swift */,
				2478E9F42979F768006EDBCC /* MyNotesUITestsLaunchTests.swift */,
			);
			path = MyNotesUITests;
			sourceTree = "<group>";
		};
		2478EA052979F837006EDBCC /* View */ = {
			isa = PBXGroup;
			children = (
				247D668829A053070062849D /* FolderTableViewCell */,
				247D668929A053130062849D /* NotesTableViewCell */,
				242B2F1E299C7B2C00A3B7D1 /* Search */,
				2478E9D72979F765006EDBCC /* Main.storyboard */,
				2478E9DC2979F767006EDBCC /* LaunchScreen.storyboard */,
			);
			path = View;
			sourceTree = "<group>";
		};
		2478EA062979F84E006EDBCC /* Controllers */ = {
			isa = PBXGroup;
			children = (
				247D667F299F00810062849D /* FoldersViewController */,
				247D6682299F33AF0062849D /* NotesListViewController */,
				247D6685299FD8390062849D /* NotesDetailViewController */,
				242B2F1D299C7B0600A3B7D1 /* Search */,
			);
			path = Controllers;
			sourceTree = "<group>";
		};
		2478EA0B2979F89C006EDBCC /* Model */ = {
			isa = PBXGroup;
			children = (
				2478EA0C2979F8F8006EDBCC /* Model.xcdatamodeld */,
				2478EA13297A0834006EDBCC /* CoreDataController.swift */,
			);
			path = Model;
			sourceTree = "<group>";
		};
		2478EA17297B2763006EDBCC /* Extension */ = {
			isa = PBXGroup;
			children = (
				2478EA15297B275D006EDBCC /* TableViewExtension.swift */,
			);
			path = Extension;
			sourceTree = "<group>";
		};
		247D667F299F00810062849D /* FoldersViewController */ = {
			isa = PBXGroup;
			children = (
				2478E9D52979F765006EDBCC /* FoldersViewController.swift */,
				247D6680299F00A40062849D /* FoldersViewControllerViewModel.swift */,
			);
			path = FoldersViewController;
			sourceTree = "<group>";
		};
		247D6682299F33AF0062849D /* NotesListViewController */ = {
			isa = PBXGroup;
			children = (
				2478EA072979F869006EDBCC /* NotesListViewController.swift */,
				247D6683299F3F380062849D /* NotesListViewControllerViewModel.swift */,
			);
			path = NotesListViewController;
			sourceTree = "<group>";
		};
		247D6685299FD8390062849D /* NotesDetailViewController */ = {
			isa = PBXGroup;
			children = (
				2478EA092979F877006EDBCC /* NotesDetailViewController.swift */,
			);
			path = NotesDetailViewController;
			sourceTree = "<group>";
		};
		247D668829A053070062849D /* FolderTableViewCell */ = {
			isa = PBXGroup;
			children = (
				2478EA012979F81D006EDBCC /* FoldersTableViewCell.swift */,
			);
			path = FolderTableViewCell;
			sourceTree = "<group>";
		};
		247D668929A053130062849D /* NotesTableViewCell */ = {
			isa = PBXGroup;
			children = (
				2478EA032979F82B006EDBCC /* NotesTableViewCell.swift */,
			);
			path = NotesTableViewCell;
			sourceTree = "<group>";
		};
		247D66CA29A160E80062849D /* Resources */ = {
			isa = PBXGroup;
			children = (
				2478E9D32979F765006EDBCC /* SceneDelegate.swift */,
				2478E9D12979F765006EDBCC /* AppDelegate.swift */,
			);
			path = Resources;
			sourceTree = "<group>";
		};
/* End PBXGroup section */

/* Begin PBXNativeTarget section */
		2478E9CD2979F765006EDBCC /* MyNotes */ = {
			isa = PBXNativeTarget;
			buildConfigurationList = 2478E9F82979F768006EDBCC /* Build configuration list for PBXNativeTarget "MyNotes" */;
			buildPhases = (
				2478E9CA2979F765006EDBCC /* Sources */,
				2478E9CB2979F765006EDBCC /* Frameworks */,
				2478E9CC2979F765006EDBCC /* Resources */,
			);
			buildRules = (
			);
			dependencies = (
			);
			name = MyNotes;
			productName = MyNotes;
			productReference = 2478E9CE2979F765006EDBCC /* MyNotes.app */;
			productType = "com.apple.product-type.application";
		};
		2478E9E32979F768006EDBCC /* MyNotesTests */ = {
			isa = PBXNativeTarget;
			buildConfigurationList = 2478E9FB2979F768006EDBCC /* Build configuration list for PBXNativeTarget "MyNotesTests" */;
			buildPhases = (
				2478E9E02979F768006EDBCC /* Sources */,
				2478E9E12979F768006EDBCC /* Frameworks */,
				2478E9E22979F768006EDBCC /* Resources */,
			);
			buildRules = (
			);
			dependencies = (
				2478E9E62979F768006EDBCC /* PBXTargetDependency */,
			);
			name = MyNotesTests;
			productName = MyNotesTests;
			productReference = 2478E9E42979F768006EDBCC /* MyNotesTests.xctest */;
			productType = "com.apple.product-type.bundle.unit-test";
		};
		2478E9ED2979F768006EDBCC /* MyNotesUITests */ = {
			isa = PBXNativeTarget;
			buildConfigurationList = 2478E9FE2979F768006EDBCC /* Build configuration list for PBXNativeTarget "MyNotesUITests" */;
			buildPhases = (
				2478E9EA2979F768006EDBCC /* Sources */,
				2478E9EB2979F768006EDBCC /* Frameworks */,
				2478E9EC2979F768006EDBCC /* Resources */,
			);
			buildRules = (
			);
			dependencies = (
				2478E9F02979F768006EDBCC /* PBXTargetDependency */,
			);
			name = MyNotesUITests;
			productName = MyNotesUITests;
			productReference = 2478E9EE2979F768006EDBCC /* MyNotesUITests.xctest */;
			productType = "com.apple.product-type.bundle.ui-testing";
		};
/* End PBXNativeTarget section */

/* Begin PBXProject section */
		2478E9C62979F765006EDBCC /* Project object */ = {
			isa = PBXProject;
			attributes = {
				BuildIndependentTargetsInParallel = 1;
				LastSwiftUpdateCheck = 1420;
				LastUpgradeCheck = 1420;
				TargetAttributes = {
					2478E9CD2979F765006EDBCC = {
						CreatedOnToolsVersion = 14.2;
					};
					2478E9E32979F768006EDBCC = {
						CreatedOnToolsVersion = 14.2;
						TestTargetID = 2478E9CD2979F765006EDBCC;
					};
					2478E9ED2979F768006EDBCC = {
						CreatedOnToolsVersion = 14.2;
						TestTargetID = 2478E9CD2979F765006EDBCC;
					};
				};
			};
			buildConfigurationList = 2478E9C92979F765006EDBCC /* Build configuration list for PBXProject "MyNotes" */;
			compatibilityVersion = "Xcode 14.0";
			developmentRegion = en;
			hasScannedForEncodings = 0;
			knownRegions = (
				en,
				Base,
			);
			mainGroup = 2478E9C52979F765006EDBCC;
			productRefGroup = 2478E9CF2979F765006EDBCC /* Products */;
			projectDirPath = "";
			projectRoot = "";
			targets = (
				2478E9CD2979F765006EDBCC /* MyNotes */,
				2478E9E32979F768006EDBCC /* MyNotesTests */,
				2478E9ED2979F768006EDBCC /* MyNotesUITests */,
			);
		};
/* End PBXProject section */

/* Begin PBXResourcesBuildPhase section */
		2478E9CC2979F765006EDBCC /* Resources */ = {
			isa = PBXResourcesBuildPhase;
			buildActionMask = 2147483647;
			files = (
				242B2F1C299C7AFA00A3B7D1 /* SearchSelectionTableViewCell.xib in Resources */,
				2478E9DE2979F767006EDBCC /* LaunchScreen.storyboard in Resources */,
				2478E9DB2979F767006EDBCC /* Assets.xcassets in Resources */,
				2478E9D92979F765006EDBCC /* Main.storyboard in Resources */,
			);
			runOnlyForDeploymentPostprocessing = 0;
		};
		2478E9E22979F768006EDBCC /* Resources */ = {
			isa = PBXResourcesBuildPhase;
			buildActionMask = 2147483647;
			files = (
			);
			runOnlyForDeploymentPostprocessing = 0;
		};
		2478E9EC2979F768006EDBCC /* Resources */ = {
			isa = PBXResourcesBuildPhase;
			buildActionMask = 2147483647;
			files = (
			);
			runOnlyForDeploymentPostprocessing = 0;
		};
/* End PBXResourcesBuildPhase section */

/* Begin PBXSourcesBuildPhase section */
		2478E9CA2979F765006EDBCC /* Sources */ = {
			isa = PBXSourcesBuildPhase;
			buildActionMask = 2147483647;
			files = (
				247D6684299F3F380062849D /* NotesListViewControllerViewModel.swift in Sources */,
				2478EA0A2979F877006EDBCC /* NotesDetailViewController.swift in Sources */,
				242B2F16299C7A4800A3B7D1 /* SearchSelectionViewController.swift in Sources */,
				2478EA14297A0834006EDBCC /* CoreDataController.swift in Sources */,
				247D6681299F00A40062849D /* FoldersViewControllerViewModel.swift in Sources */,
				2478E9D62979F765006EDBCC /* FoldersViewController.swift in Sources */,
				2478E9D22979F765006EDBCC /* AppDelegate.swift in Sources */,
				2478EA0E2979F8F8006EDBCC /* Model.xcdatamodeld in Sources */,
				2478EA042979F82B006EDBCC /* NotesTableViewCell.swift in Sources */,
				2478E9D42979F765006EDBCC /* SceneDelegate.swift in Sources */,
				2478EA082979F869006EDBCC /* NotesListViewController.swift in Sources */,
				2478EA022979F81D006EDBCC /* FoldersTableViewCell.swift in Sources */,
				2478EA16297B275E006EDBCC /* TableViewExtension.swift in Sources */,
				242B2F1B299C7AFA00A3B7D1 /* SearchSelectionTableViewCell.swift in Sources */,
			);
			runOnlyForDeploymentPostprocessing = 0;
		};
		2478E9E02979F768006EDBCC /* Sources */ = {
			isa = PBXSourcesBuildPhase;
			buildActionMask = 2147483647;
			files = (
				2478E9E92979F768006EDBCC /* MyNotesTests.swift in Sources */,
			);
			runOnlyForDeploymentPostprocessing = 0;
		};
		2478E9EA2979F768006EDBCC /* Sources */ = {
			isa = PBXSourcesBuildPhase;
			buildActionMask = 2147483647;
			files = (
				2478E9F52979F768006EDBCC /* MyNotesUITestsLaunchTests.swift in Sources */,
				2478E9F32979F768006EDBCC /* MyNotesUITests.swift in Sources */,
			);
			runOnlyForDeploymentPostprocessing = 0;
		};
/* End PBXSourcesBuildPhase section */

/* Begin PBXTargetDependency section */
		2478E9E62979F768006EDBCC /* PBXTargetDependency */ = {
			isa = PBXTargetDependency;
			target = 2478E9CD2979F765006EDBCC /* MyNotes */;
			targetProxy = 2478E9E52979F768006EDBCC /* PBXContainerItemProxy */;
		};
		2478E9F02979F768006EDBCC /* PBXTargetDependency */ = {
			isa = PBXTargetDependency;
			target = 2478E9CD2979F765006EDBCC /* MyNotes */;
			targetProxy = 2478E9EF2979F768006EDBCC /* PBXContainerItemProxy */;
		};
/* End PBXTargetDependency section */

/* Begin PBXVariantGroup section */
		2478E9D72979F765006EDBCC /* Main.storyboard */ = {
			isa = PBXVariantGroup;
			children = (
				2478E9D82979F765006EDBCC /* Base */,
			);
			name = Main.storyboard;
			sourceTree = "<group>";
		};
		2478E9DC2979F767006EDBCC /* LaunchScreen.storyboard */ = {
			isa = PBXVariantGroup;
			children = (
				2478E9DD2979F767006EDBCC /* Base */,
			);
			name = LaunchScreen.storyboard;
			sourceTree = "<group>";
		};
/* End PBXVariantGroup section */

/* Begin XCBuildConfiguration section */
		2478E9F62979F768006EDBCC /* Debug */ = {
			isa = XCBuildConfiguration;
			buildSettings = {
				ALWAYS_SEARCH_USER_PATHS = NO;
				CLANG_ANALYZER_NONNULL = YES;
				CLANG_ANALYZER_NUMBER_OBJECT_CONVERSION = YES_AGGRESSIVE;
				CLANG_CXX_LANGUAGE_STANDARD = "gnu++20";
				CLANG_ENABLE_MODULES = YES;
				CLANG_ENABLE_OBJC_ARC = YES;
				CLANG_ENABLE_OBJC_WEAK = YES;
				CLANG_WARN_BLOCK_CAPTURE_AUTORELEASING = YES;
				CLANG_WARN_BOOL_CONVERSION = YES;
				CLANG_WARN_COMMA = YES;
				CLANG_WARN_CONSTANT_CONVERSION = YES;
				CLANG_WARN_DEPRECATED_OBJC_IMPLEMENTATIONS = YES;
				CLANG_WARN_DIRECT_OBJC_ISA_USAGE = YES_ERROR;
				CLANG_WARN_DOCUMENTATION_COMMENTS = YES;
				CLANG_WARN_EMPTY_BODY = YES;
				CLANG_WARN_ENUM_CONVERSION = YES;
				CLANG_WARN_INFINITE_RECURSION = YES;
				CLANG_WARN_INT_CONVERSION = YES;
				CLANG_WARN_NON_LITERAL_NULL_CONVERSION = YES;
				CLANG_WARN_OBJC_IMPLICIT_RETAIN_SELF = YES;
				CLANG_WARN_OBJC_LITERAL_CONVERSION = YES;
				CLANG_WARN_OBJC_ROOT_CLASS = YES_ERROR;
				CLANG_WARN_QUOTED_INCLUDE_IN_FRAMEWORK_HEADER = YES;
				CLANG_WARN_RANGE_LOOP_ANALYSIS = YES;
				CLANG_WARN_STRICT_PROTOTYPES = YES;
				CLANG_WARN_SUSPICIOUS_MOVE = YES;
				CLANG_WARN_UNGUARDED_AVAILABILITY = YES_AGGRESSIVE;
				CLANG_WARN_UNREACHABLE_CODE = YES;
				CLANG_WARN__DUPLICATE_METHOD_MATCH = YES;
				COPY_PHASE_STRIP = NO;
				DEBUG_INFORMATION_FORMAT = dwarf;
				ENABLE_STRICT_OBJC_MSGSEND = YES;
				ENABLE_TESTABILITY = YES;
				GCC_C_LANGUAGE_STANDARD = gnu11;
				GCC_DYNAMIC_NO_PIC = NO;
				GCC_NO_COMMON_BLOCKS = YES;
				GCC_OPTIMIZATION_LEVEL = 0;
				GCC_PREPROCESSOR_DEFINITIONS = (
					"DEBUG=1",
					"$(inherited)",
				);
				GCC_WARN_64_TO_32_BIT_CONVERSION = YES;
				GCC_WARN_ABOUT_RETURN_TYPE = YES_ERROR;
				GCC_WARN_UNDECLARED_SELECTOR = YES;
				GCC_WARN_UNINITIALIZED_AUTOS = YES_AGGRESSIVE;
				GCC_WARN_UNUSED_FUNCTION = YES;
				GCC_WARN_UNUSED_VARIABLE = YES;
				IPHONEOS_DEPLOYMENT_TARGET = 16.2;
				MTL_ENABLE_DEBUG_INFO = INCLUDE_SOURCE;
				MTL_FAST_MATH = YES;
				ONLY_ACTIVE_ARCH = YES;
				SDKROOT = iphoneos;
				SWIFT_ACTIVE_COMPILATION_CONDITIONS = DEBUG;
				SWIFT_OPTIMIZATION_LEVEL = "-Onone";
			};
			name = Debug;
		};
		2478E9F72979F768006EDBCC /* Release */ = {
			isa = XCBuildConfiguration;
			buildSettings = {
				ALWAYS_SEARCH_USER_PATHS = NO;
				CLANG_ANALYZER_NONNULL = YES;
				CLANG_ANALYZER_NUMBER_OBJECT_CONVERSION = YES_AGGRESSIVE;
				CLANG_CXX_LANGUAGE_STANDARD = "gnu++20";
				CLANG_ENABLE_MODULES = YES;
				CLANG_ENABLE_OBJC_ARC = YES;
				CLANG_ENABLE_OBJC_WEAK = YES;
				CLANG_WARN_BLOCK_CAPTURE_AUTORELEASING = YES;
				CLANG_WARN_BOOL_CONVERSION = YES;
				CLANG_WARN_COMMA = YES;
				CLANG_WARN_CONSTANT_CONVERSION = YES;
				CLANG_WARN_DEPRECATED_OBJC_IMPLEMENTATIONS = YES;
				CLANG_WARN_DIRECT_OBJC_ISA_USAGE = YES_ERROR;
				CLANG_WARN_DOCUMENTATION_COMMENTS = YES;
				CLANG_WARN_EMPTY_BODY = YES;
				CLANG_WARN_ENUM_CONVERSION = YES;
				CLANG_WARN_INFINITE_RECURSION = YES;
				CLANG_WARN_INT_CONVERSION = YES;
				CLANG_WARN_NON_LITERAL_NULL_CONVERSION = YES;
				CLANG_WARN_OBJC_IMPLICIT_RETAIN_SELF = YES;
				CLANG_WARN_OBJC_LITERAL_CONVERSION = YES;
				CLANG_WARN_OBJC_ROOT_CLASS = YES_ERROR;
				CLANG_WARN_QUOTED_INCLUDE_IN_FRAMEWORK_HEADER = YES;
				CLANG_WARN_RANGE_LOOP_ANALYSIS = YES;
				CLANG_WARN_STRICT_PROTOTYPES = YES;
				CLANG_WARN_SUSPICIOUS_MOVE = YES;
				CLANG_WARN_UNGUARDED_AVAILABILITY = YES_AGGRESSIVE;
				CLANG_WARN_UNREACHABLE_CODE = YES;
				CLANG_WARN__DUPLICATE_METHOD_MATCH = YES;
				COPY_PHASE_STRIP = NO;
				DEBUG_INFORMATION_FORMAT = "dwarf-with-dsym";
				ENABLE_NS_ASSERTIONS = NO;
				ENABLE_STRICT_OBJC_MSGSEND = YES;
				GCC_C_LANGUAGE_STANDARD = gnu11;
				GCC_NO_COMMON_BLOCKS = YES;
				GCC_WARN_64_TO_32_BIT_CONVERSION = YES;
				GCC_WARN_ABOUT_RETURN_TYPE = YES_ERROR;
				GCC_WARN_UNDECLARED_SELECTOR = YES;
				GCC_WARN_UNINITIALIZED_AUTOS = YES_AGGRESSIVE;
				GCC_WARN_UNUSED_FUNCTION = YES;
				GCC_WARN_UNUSED_VARIABLE = YES;
				IPHONEOS_DEPLOYMENT_TARGET = 16.2;
				MTL_ENABLE_DEBUG_INFO = NO;
				MTL_FAST_MATH = YES;
				SDKROOT = iphoneos;
				SWIFT_COMPILATION_MODE = wholemodule;
				SWIFT_OPTIMIZATION_LEVEL = "-O";
				VALIDATE_PRODUCT = YES;
			};
			name = Release;
		};
		2478E9F92979F768006EDBCC /* Debug */ = {
			isa = XCBuildConfiguration;
			buildSettings = {
				ASSETCATALOG_COMPILER_APPICON_NAME = AppIcon;
				ASSETCATALOG_COMPILER_GLOBAL_ACCENT_COLOR_NAME = AccentColor;
				CODE_SIGN_STYLE = Automatic;
				CURRENT_PROJECT_VERSION = 1;
				DEVELOPMENT_TEAM = DJ4HTA4RKP;
				GENERATE_INFOPLIST_FILE = YES;
				INFOPLIST_FILE = MyNotes/Info.plist;
				INFOPLIST_KEY_UIApplicationSupportsIndirectInputEvents = YES;
				INFOPLIST_KEY_UILaunchStoryboardName = LaunchScreen;
				INFOPLIST_KEY_UIMainStoryboardFile = Main;
				INFOPLIST_KEY_UISupportedInterfaceOrientations_iPad = "UIInterfaceOrientationPortrait UIInterfaceOrientationPortraitUpsideDown UIInterfaceOrientationLandscapeLeft UIInterfaceOrientationLandscapeRight";
				INFOPLIST_KEY_UISupportedInterfaceOrientations_iPhone = "UIInterfaceOrientationPortrait UIInterfaceOrientationLandscapeLeft UIInterfaceOrientationLandscapeRight";
				LD_RUNPATH_SEARCH_PATHS = (
					"$(inherited)",
					"@executable_path/Frameworks",
				);
				MARKETING_VERSION = 1.0;
				PRODUCT_BUNDLE_IDENTIFIER = com.ridesharer.RideSharer.MyNotes;
				PRODUCT_NAME = "$(TARGET_NAME)";
				SWIFT_EMIT_LOC_STRINGS = YES;
				SWIFT_VERSION = 5.0;
				TARGETED_DEVICE_FAMILY = "1,2";
			};
			name = Debug;
		};
		2478E9FA2979F768006EDBCC /* Release */ = {
			isa = XCBuildConfiguration;
			buildSettings = {
				ASSETCATALOG_COMPILER_APPICON_NAME = AppIcon;
				ASSETCATALOG_COMPILER_GLOBAL_ACCENT_COLOR_NAME = AccentColor;
				CODE_SIGN_STYLE = Automatic;
				CURRENT_PROJECT_VERSION = 1;
				DEVELOPMENT_TEAM = DJ4HTA4RKP;
				GENERATE_INFOPLIST_FILE = YES;
				INFOPLIST_FILE = MyNotes/Info.plist;
				INFOPLIST_KEY_UIApplicationSupportsIndirectInputEvents = YES;
				INFOPLIST_KEY_UILaunchStoryboardName = LaunchScreen;
				INFOPLIST_KEY_UIMainStoryboardFile = Main;
				INFOPLIST_KEY_UISupportedInterfaceOrientations_iPad = "UIInterfaceOrientationPortrait UIInterfaceOrientationPortraitUpsideDown UIInterfaceOrientationLandscapeLeft UIInterfaceOrientationLandscapeRight";
				INFOPLIST_KEY_UISupportedInterfaceOrientations_iPhone = "UIInterfaceOrientationPortrait UIInterfaceOrientationLandscapeLeft UIInterfaceOrientationLandscapeRight";
				LD_RUNPATH_SEARCH_PATHS = (
					"$(inherited)",
					"@executable_path/Frameworks",
				);
				MARKETING_VERSION = 1.0;
				PRODUCT_BUNDLE_IDENTIFIER = com.ridesharer.RideSharer.MyNotes;
				PRODUCT_NAME = "$(TARGET_NAME)";
				SWIFT_EMIT_LOC_STRINGS = YES;
				SWIFT_VERSION = 5.0;
				TARGETED_DEVICE_FAMILY = "1,2";
			};
			name = Release;
		};
		2478E9FC2979F768006EDBCC /* Debug */ = {
			isa = XCBuildConfiguration;
			buildSettings = {
				ALWAYS_EMBED_SWIFT_STANDARD_LIBRARIES = YES;
				BUNDLE_LOADER = "$(TEST_HOST)";
				CODE_SIGN_STYLE = Automatic;
				CURRENT_PROJECT_VERSION = 1;
				DEVELOPMENT_TEAM = DJ4HTA4RKP;
				GENERATE_INFOPLIST_FILE = YES;
				IPHONEOS_DEPLOYMENT_TARGET = 16.2;
				MARKETING_VERSION = 1.0;
				PRODUCT_BUNDLE_IDENTIFIER = com.ridesharer.RideSharer.MyNotesTests;
				PRODUCT_NAME = "$(TARGET_NAME)";
				SWIFT_EMIT_LOC_STRINGS = NO;
				SWIFT_VERSION = 5.0;
				TARGETED_DEVICE_FAMILY = "1,2";
				TEST_HOST = "$(BUILT_PRODUCTS_DIR)/MyNotes.app/$(BUNDLE_EXECUTABLE_FOLDER_PATH)/MyNotes";
			};
			name = Debug;
		};
		2478E9FD2979F768006EDBCC /* Release */ = {
			isa = XCBuildConfiguration;
			buildSettings = {
				ALWAYS_EMBED_SWIFT_STANDARD_LIBRARIES = YES;
				BUNDLE_LOADER = "$(TEST_HOST)";
				CODE_SIGN_STYLE = Automatic;
				CURRENT_PROJECT_VERSION = 1;
				DEVELOPMENT_TEAM = DJ4HTA4RKP;
				GENERATE_INFOPLIST_FILE = YES;
				IPHONEOS_DEPLOYMENT_TARGET = 16.2;
				MARKETING_VERSION = 1.0;
				PRODUCT_BUNDLE_IDENTIFIER = com.ridesharer.RideSharer.MyNotesTests;
				PRODUCT_NAME = "$(TARGET_NAME)";
				SWIFT_EMIT_LOC_STRINGS = NO;
				SWIFT_VERSION = 5.0;
				TARGETED_DEVICE_FAMILY = "1,2";
				TEST_HOST = "$(BUILT_PRODUCTS_DIR)/MyNotes.app/$(BUNDLE_EXECUTABLE_FOLDER_PATH)/MyNotes";
			};
			name = Release;
		};
		2478E9FF2979F768006EDBCC /* Debug */ = {
			isa = XCBuildConfiguration;
			buildSettings = {
				ALWAYS_EMBED_SWIFT_STANDARD_LIBRARIES = YES;
				CODE_SIGN_STYLE = Automatic;
				CURRENT_PROJECT_VERSION = 1;
				DEVELOPMENT_TEAM = DJ4HTA4RKP;
				GENERATE_INFOPLIST_FILE = YES;
				MARKETING_VERSION = 1.0;
				PRODUCT_BUNDLE_IDENTIFIER = com.ridesharer.RideSharer.MyNotesUITests;
				PRODUCT_NAME = "$(TARGET_NAME)";
				SWIFT_EMIT_LOC_STRINGS = NO;
				SWIFT_VERSION = 5.0;
				TARGETED_DEVICE_FAMILY = "1,2";
				TEST_TARGET_NAME = MyNotes;
			};
			name = Debug;
		};
		2478EA002979F768006EDBCC /* Release */ = {
			isa = XCBuildConfiguration;
			buildSettings = {
				ALWAYS_EMBED_SWIFT_STANDARD_LIBRARIES = YES;
				CODE_SIGN_STYLE = Automatic;
				CURRENT_PROJECT_VERSION = 1;
				DEVELOPMENT_TEAM = DJ4HTA4RKP;
				GENERATE_INFOPLIST_FILE = YES;
				MARKETING_VERSION = 1.0;
				PRODUCT_BUNDLE_IDENTIFIER = com.ridesharer.RideSharer.MyNotesUITests;
				PRODUCT_NAME = "$(TARGET_NAME)";
				SWIFT_EMIT_LOC_STRINGS = NO;
				SWIFT_VERSION = 5.0;
				TARGETED_DEVICE_FAMILY = "1,2";
				TEST_TARGET_NAME = MyNotes;
			};
			name = Release;
		};
/* End XCBuildConfiguration section */

/* Begin XCConfigurationList section */
		2478E9C92979F765006EDBCC /* Build configuration list for PBXProject "MyNotes" */ = {
			isa = XCConfigurationList;
			buildConfigurations = (
				2478E9F62979F768006EDBCC /* Debug */,
				2478E9F72979F768006EDBCC /* Release */,
			);
			defaultConfigurationIsVisible = 0;
			defaultConfigurationName = Release;
		};
		2478E9F82979F768006EDBCC /* Build configuration list for PBXNativeTarget "MyNotes" */ = {
			isa = XCConfigurationList;
			buildConfigurations = (
				2478E9F92979F768006EDBCC /* Debug */,
				2478E9FA2979F768006EDBCC /* Release */,
			);
			defaultConfigurationIsVisible = 0;
			defaultConfigurationName = Release;
		};
		2478E9FB2979F768006EDBCC /* Build configuration list for PBXNativeTarget "MyNotesTests" */ = {
			isa = XCConfigurationList;
			buildConfigurations = (
				2478E9FC2979F768006EDBCC /* Debug */,
				2478E9FD2979F768006EDBCC /* Release */,
			);
			defaultConfigurationIsVisible = 0;
			defaultConfigurationName = Release;
		};
		2478E9FE2979F768006EDBCC /* Build configuration list for PBXNativeTarget "MyNotesUITests" */ = {
			isa = XCConfigurationList;
			buildConfigurations = (
				2478E9FF2979F768006EDBCC /* Debug */,
				2478EA002979F768006EDBCC /* Release */,
			);
			defaultConfigurationIsVisible = 0;
			defaultConfigurationName = Release;
		};
/* End XCConfigurationList section */

/* Begin XCVersionGroup section */
		2478EA0C2979F8F8006EDBCC /* Model.xcdatamodeld */ = {
			isa = XCVersionGroup;
			children = (
				2478EA0D2979F8F8006EDBCC /* Model.xcdatamodel */,
			);
			currentVersion = 2478EA0D2979F8F8006EDBCC /* Model.xcdatamodel */;
			path = Model.xcdatamodeld;
			sourceTree = "<group>";
			versionGroupType = wrapper.xcdatamodel;
		};
/* End XCVersionGroup section */
	};
	rootObject = 2478E9C62979F765006EDBCC /* Project object */;
}
